
Microsoft Visual Studio Solution File, Format Version 12.00
# Visual Studio 2015
Project("{FAE04EC0-301F-11D3-BF4B-00C04F79EFBC}") = "DefenseUI", "DefenseUI.csproj", "{8ADFBF14-19C0-E819-1B8D-155314AB741B}"
EndProject
Global
	GlobalSection(SolutionConfigurationPlatforms) = preSolution
		Debug|Any CPU = Debug|Any CPU
		Release|Any CPU = Release|Any CPU
	EndGlobalSection
	GlobalSection(ProjectConfigurationPlatforms) = postSolution
		{8ADFBF14-19C0-E819-1B8D-155314AB741B}.Debug|Any CPU.ActiveCfg = Debug|Any CPU
		{8ADFBF14-19C0-E819-1B8D-155314AB741B}.Debug|Any CPU.Build.0 = Debug|Any CPU
		{8ADFBF14-19C0-E819-1B8D-155314AB741B}.Release|Any CPU.ActiveCfg = Release|Any CPU
		{8ADFBF14-19C0-E819-1B8D-155314AB741B}.Release|Any CPU.Build.0 = Release|Any CPU
	EndGlobalSection
	GlobalSection(SolutionProperties) = preSolution
		HideSolutionNode = FALSE
	EndGlobalSection
EndGlobal
