
Microsoft Visual Studio Solution File, Format Version 12.00
# Visual Studio 2017
Project("{FAE04EC0-301F-11D3-BF4B-00C04F79EFBC}") = "NejikoRun", "NejikoRun.csproj", "{5A9CBF18-B6A7-6774-E21D-E3E6EB516906}"
EndProject
Global
	GlobalSection(SolutionConfigurationPlatforms) = preSolution
		Debug|Any CPU = Debug|Any CPU
		Release|Any CPU = Release|Any CPU
	EndGlobalSection
	GlobalSection(ProjectConfigurationPlatforms) = postSolution
		{5A9CBF18-B6A7-6774-E21D-E3E6EB516906}.Debug|Any CPU.ActiveCfg = Debug|Any CPU
		{5A9CBF18-B6A7-6774-E21D-E3E6EB516906}.Debug|Any CPU.Build.0 = Debug|Any CPU
		{5A9CBF18-B6A7-6774-E21D-E3E6EB516906}.Release|Any CPU.ActiveCfg = Release|Any CPU
		{5A9CBF18-B6A7-6774-E21D-E3E6EB516906}.Release|Any CPU.Build.0 = Release|Any CPU
	EndGlobalSection
	GlobalSection(SolutionProperties) = preSolution
		HideSolutionNode = FALSE
	EndGlobalSection
EndGlobal
